// !$*UTF8*$!
{
	archiveVersion = 1;
	classes = {
	};
	objectVersion = 56;
	objects = {

/* Begin PBXBuildFile section */
		BE2DC8512A964313001F91AE /* AppDelegate.swift in Sources */ = {isa = PBXBuildFile; fileRef = BE2DC8502A964313001F91AE /* AppDelegate.swift */; };
		BE2DC8532A964313001F91AE /* SceneDelegate.swift in Sources */ = {isa = PBXBuildFile; fileRef = BE2DC8522A964313001F91AE /* SceneDelegate.swift */; };
		BE2DC8552A964313001F91AE /* ViewController.swift in Sources */ = {isa = PBXBuildFile; fileRef = BE2DC8542A964313001F91AE /* ViewController.swift */; };
		BE2DC8582A964313001F91AE /* Main.storyboard in Resources */ = {isa = PBXBuildFile; fileRef = BE2DC8562A964313001F91AE /* Main.storyboard */; };
		BE2DC85A2A964314001F91AE /* Assets.xcassets in Resources */ = {isa = PBXBuildFile; fileRef = BE2DC8592A964314001F91AE /* Assets.xcassets */; };
		BE2DC85D2A964314001F91AE /* LaunchScreen.storyboard in Resources */ = {isa = PBXBuildFile; fileRef = BE2DC85B2A964314001F91AE /* LaunchScreen.storyboard */; };
		BE2DC8652A96467C001F91AE /* SearchViewController.swift in Sources */ = {isa = PBXBuildFile; fileRef = BE2DC8642A96467C001F91AE /* SearchViewController.swift */; };
		BE2DC8672A964AF6001F91AE /* MovieModel.swift in Sources */ = {isa = PBXBuildFile; fileRef = BE2DC8662A964AF6001F91AE /* MovieModel.swift */; };
		BE2DC8692A96C2A7001F91AE /* DetailMovieViewController.swift in Sources */ = {isa = PBXBuildFile; fileRef = BE2DC8682A96C2A7001F91AE /* DetailMovieViewController.swift */; };
		BE2DC86B2A96D1A9001F91AE /* DetailMovieModel.swift in Sources */ = {isa = PBXBuildFile; fileRef = BE2DC86A2A96D1A9001F91AE /* DetailMovieModel.swift */; };
		BE2DC86D2A96D25D001F91AE /* VideoMovieModel.swift in Sources */ = {isa = PBXBuildFile; fileRef = BE2DC86C2A96D25D001F91AE /* VideoMovieModel.swift */; };
		BE2DC86F2A96DB86001F91AE /* movieListModel.swift in Sources */ = {isa = PBXBuildFile; fileRef = BE2DC86E2A96DB86001F91AE /* movieListModel.swift */; };
		BE2DC8712A96F4C8001F91AE /* movieListDetailModel.swift in Sources */ = {isa = PBXBuildFile; fileRef = BE2DC8702A96F4C8001F91AE /* movieListDetailModel.swift */; };
		BE2DC8732A96FD3C001F91AE /* homeViewController.swift in Sources */ = {isa = PBXBuildFile; fileRef = BE2DC8722A96FD3C001F91AE /* homeViewController.swift */; };
		BEF3433D2AC6889D004AB9A4 /* updatefile.swift in Sources */ = {isa = PBXBuildFile; fileRef = BEF3433C2AC6889D004AB9A4 /* updatefile.swift */; };
/* End PBXBuildFile section */

/* Begin PBXFileReference section */
		BE2DC84D2A964313001F91AE /* XsisProject.app */ = {isa = PBXFileReference; explicitFileType = wrapper.application; includeInIndex = 0; path = XsisProject.app; sourceTree = BUILT_PRODUCTS_DIR; };
		BE2DC8502A964313001F91AE /* AppDelegate.swift */ = {isa = PBXFileReference; lastKnownFileType = sourcecode.swift; path = AppDelegate.swift; sourceTree = "<group>"; };
		BE2DC8522A964313001F91AE /* SceneDelegate.swift */ = {isa = PBXFileReference; lastKnownFileType = sourcecode.swift; path = SceneDelegate.swift; sourceTree = "<group>"; };
		BE2DC8542A964313001F91AE /* ViewController.swift */ = {isa = PBXFileReference; lastKnownFileType = sourcecode.swift; path = ViewController.swift; sourceTree = "<group>"; };
		BE2DC8572A964313001F91AE /* Base */ = {isa = PBXFileReference; lastKnownFileType = file.storyboard; name = Base; path = Base.lproj/Main.storyboard; sourceTree = "<group>"; };
		BE2DC8592A964314001F91AE /* Assets.xcassets */ = {isa = PBXFileReference; lastKnownFileType = folder.assetcatalog; path = Assets.xcassets; sourceTree = "<group>"; };
		BE2DC85C2A964314001F91AE /* Base */ = {isa = PBXFileReference; lastKnownFileType = file.storyboard; name = Base; path = Base.lproj/LaunchScreen.storyboard; sourceTree = "<group>"; };
		BE2DC85E2A964314001F91AE /* Info.plist */ = {isa = PBXFileReference; lastKnownFileType = text.plist.xml; path = Info.plist; sourceTree = "<group>"; };
		BE2DC8642A96467C001F91AE /* SearchViewController.swift */ = {isa = PBXFileReference; lastKnownFileType = sourcecode.swift; path = SearchViewController.swift; sourceTree = "<group>"; };
		BE2DC8662A964AF6001F91AE /* MovieModel.swift */ = {isa = PBXFileReference; lastKnownFileType = sourcecode.swift; path = MovieModel.swift; sourceTree = "<group>"; };
		BE2DC8682A96C2A7001F91AE /* DetailMovieViewController.swift */ = {isa = PBXFileReference; lastKnownFileType = sourcecode.swift; path = DetailMovieViewController.swift; sourceTree = "<group>"; };
		BE2DC86A2A96D1A9001F91AE /* DetailMovieModel.swift */ = {isa = PBXFileReference; lastKnownFileType = sourcecode.swift; path = DetailMovieModel.swift; sourceTree = "<group>"; };
		BE2DC86C2A96D25D001F91AE /* VideoMovieModel.swift */ = {isa = PBXFileReference; lastKnownFileType = sourcecode.swift; path = VideoMovieModel.swift; sourceTree = "<group>"; };
		BE2DC86E2A96DB86001F91AE /* movieListModel.swift */ = {isa = PBXFileReference; lastKnownFileType = sourcecode.swift; path = movieListModel.swift; sourceTree = "<group>"; };
		BE2DC8702A96F4C8001F91AE /* movieListDetailModel.swift */ = {isa = PBXFileReference; lastKnownFileType = sourcecode.swift; path = movieListDetailModel.swift; sourceTree = "<group>"; };
		BE2DC8722A96FD3C001F91AE /* homeViewController.swift */ = {isa = PBXFileReference; lastKnownFileType = sourcecode.swift; path = homeViewController.swift; sourceTree = "<group>"; };
		BEF3433C2AC6889D004AB9A4 /* updatefile.swift */ = {isa = PBXFileReference; lastKnownFileType = sourcecode.swift; path = updatefile.swift; sourceTree = "<group>"; };
/* End PBXFileReference section */

/* Begin PBXFrameworksBuildPhase section */
		BE2DC84A2A964313001F91AE /* Frameworks */ = {
			isa = PBXFrameworksBuildPhase;
			buildActionMask = 2147483647;
			files = (
			);
			runOnlyForDeploymentPostprocessing = 0;
		};
/* End PBXFrameworksBuildPhase section */

/* Begin PBXGroup section */
		BE2DC8442A964313001F91AE = {
			isa = PBXGroup;
			children = (
				BE2DC84F2A964313001F91AE /* XsisProject */,
				BE2DC84E2A964313001F91AE /* Products */,
			);
			sourceTree = "<group>";
		};
		BE2DC84E2A964313001F91AE /* Products */ = {
			isa = PBXGroup;
			children = (
				BE2DC84D2A964313001F91AE /* XsisProject.app */,
			);
			name = Products;
			sourceTree = "<group>";
		};
		BE2DC84F2A964313001F91AE /* XsisProject */ = {
			isa = PBXGroup;
			children = (
				BE2DC8502A964313001F91AE /* AppDelegate.swift */,
				BE2DC8522A964313001F91AE /* SceneDelegate.swift */,
				BE2DC8542A964313001F91AE /* ViewController.swift */,
				BE2DC8562A964313001F91AE /* Main.storyboard */,
				BE2DC8592A964314001F91AE /* Assets.xcassets */,
				BE2DC85B2A964314001F91AE /* LaunchScreen.storyboard */,
				BE2DC85E2A964314001F91AE /* Info.plist */,
				BE2DC8642A96467C001F91AE /* SearchViewController.swift */,
				BE2DC8662A964AF6001F91AE /* MovieModel.swift */,
				BE2DC8682A96C2A7001F91AE /* DetailMovieViewController.swift */,
				BE2DC86A2A96D1A9001F91AE /* DetailMovieModel.swift */,
				BE2DC86C2A96D25D001F91AE /* VideoMovieModel.swift */,
				BE2DC86E2A96DB86001F91AE /* movieListModel.swift */,
				BE2DC8702A96F4C8001F91AE /* movieListDetailModel.swift */,
				BE2DC8722A96FD3C001F91AE /* homeViewController.swift */,
				BEF3433C2AC6889D004AB9A4 /* updatefile.swift */,
			);
			path = XsisProject;
			sourceTree = "<group>";
		};
/* End PBXGroup section */

/* Begin PBXNativeTarget section */
		BE2DC84C2A964313001F91AE /* XsisProject */ = {
			isa = PBXNativeTarget;
			buildConfigurationList = BE2DC8612A964314001F91AE /* Build configuration list for PBXNativeTarget "XsisProject" */;
			buildPhases = (
				BE2DC8492A964313001F91AE /* Sources */,
				BE2DC84A2A964313001F91AE /* Frameworks */,
				BE2DC84B2A964313001F91AE /* Resources */,
			);
			buildRules = (
			);
			dependencies = (
			);
			name = XsisProject;
			productName = XsisProject;
			productReference = BE2DC84D2A964313001F91AE /* XsisProject.app */;
			productType = "com.apple.product-type.application";
		};
/* End PBXNativeTarget section */

/* Begin PBXProject section */
		BE2DC8452A964313001F91AE /* Project object */ = {
			isa = PBXProject;
			attributes = {
				BuildIndependentTargetsInParallel = 1;
				LastSwiftUpdateCheck = 1430;
				LastUpgradeCheck = 1430;
				TargetAttributes = {
					BE2DC84C2A964313001F91AE = {
						CreatedOnToolsVersion = 14.3.1;
					};
				};
			};
			buildConfigurationList = BE2DC8482A964313001F91AE /* Build configuration list for PBXProject "XsisProject" */;
			compatibilityVersion = "Xcode 14.0";
			developmentRegion = en;
			hasScannedForEncodings = 0;
			knownRegions = (
				en,
				Base,
			);
			mainGroup = BE2DC8442A964313001F91AE;
			productRefGroup = BE2DC84E2A964313001F91AE /* Products */;
			projectDirPath = "";
			projectRoot = "";
			targets = (
				BE2DC84C2A964313001F91AE /* XsisProject */,
			);
		};
/* End PBXProject section */

/* Begin PBXResourcesBuildPhase section */
		BE2DC84B2A964313001F91AE /* Resources */ = {
			isa = PBXResourcesBuildPhase;
			buildActionMask = 2147483647;
			files = (
				BE2DC85D2A964314001F91AE /* LaunchScreen.storyboard in Resources */,
				BE2DC85A2A964314001F91AE /* Assets.xcassets in Resources */,
				BE2DC8582A964313001F91AE /* Main.storyboard in Resources */,
			);
			runOnlyForDeploymentPostprocessing = 0;
		};
/* End PBXResourcesBuildPhase section */

/* Begin PBXSourcesBuildPhase section */
		BE2DC8492A964313001F91AE /* Sources */ = {
			isa = PBXSourcesBuildPhase;
			buildActionMask = 2147483647;
			files = (
				BE2DC86F2A96DB86001F91AE /* movieListModel.swift in Sources */,
				BE2DC86D2A96D25D001F91AE /* VideoMovieModel.swift in Sources */,
				BE2DC8652A96467C001F91AE /* SearchViewController.swift in Sources */,
				BE2DC8552A964313001F91AE /* ViewController.swift in Sources */,
				BE2DC8732A96FD3C001F91AE /* homeViewController.swift in Sources */,
				BE2DC8672A964AF6001F91AE /* MovieModel.swift in Sources */,
				BEF3433D2AC6889D004AB9A4 /* updatefile.swift in Sources */,
				BE2DC8512A964313001F91AE /* AppDelegate.swift in Sources */,
				BE2DC8692A96C2A7001F91AE /* DetailMovieViewController.swift in Sources */,
				BE2DC86B2A96D1A9001F91AE /* DetailMovieModel.swift in Sources */,
				BE2DC8532A964313001F91AE /* SceneDelegate.swift in Sources */,
				BE2DC8712A96F4C8001F91AE /* movieListDetailModel.swift in Sources */,
			);
			runOnlyForDeploymentPostprocessing = 0;
		};
/* End PBXSourcesBuildPhase section */

/* Begin PBXVariantGroup section */
		BE2DC8562A964313001F91AE /* Main.storyboard */ = {
			isa = PBXVariantGroup;
			children = (
				BE2DC8572A964313001F91AE /* Base */,
			);
			name = Main.storyboard;
			sourceTree = "<group>";
		};
		BE2DC85B2A964314001F91AE /* LaunchScreen.storyboard */ = {
			isa = PBXVariantGroup;
			children = (
				BE2DC85C2A964314001F91AE /* Base */,
			);
			name = LaunchScreen.storyboard;
			sourceTree = "<group>";
		};
/* End PBXVariantGroup section */

/* Begin XCBuildConfiguration section */
		BE2DC85F2A964314001F91AE /* Debug */ = {
			isa = XCBuildConfiguration;
			buildSettings = {
				ALWAYS_SEARCH_USER_PATHS = NO;
				CLANG_ANALYZER_NONNULL = YES;
				CLANG_ANALYZER_NUMBER_OBJECT_CONVERSION = YES_AGGRESSIVE;
				CLANG_CXX_LANGUAGE_STANDARD = "gnu++20";
				CLANG_ENABLE_MODULES = YES;
				CLANG_ENABLE_OBJC_ARC = YES;
				CLANG_ENABLE_OBJC_WEAK = YES;
				CLANG_WARN_BLOCK_CAPTURE_AUTORELEASING = YES;
				CLANG_WARN_BOOL_CONVERSION = YES;
				CLANG_WARN_COMMA = YES;
				CLANG_WARN_CONSTANT_CONVERSION = YES;
				CLANG_WARN_DEPRECATED_OBJC_IMPLEMENTATIONS = YES;
				CLANG_WARN_DIRECT_OBJC_ISA_USAGE = YES_ERROR;
				CLANG_WARN_DOCUMENTATION_COMMENTS = YES;
				CLANG_WARN_EMPTY_BODY = YES;
				CLANG_WARN_ENUM_CONVERSION = YES;
				CLANG_WARN_INFINITE_RECURSION = YES;
				CLANG_WARN_INT_CONVERSION = YES;
				CLANG_WARN_NON_LITERAL_NULL_CONVERSION = YES;
				CLANG_WARN_OBJC_IMPLICIT_RETAIN_SELF = YES;
				CLANG_WARN_OBJC_LITERAL_CONVERSION = YES;
				CLANG_WARN_OBJC_ROOT_CLASS = YES_ERROR;
				CLANG_WARN_QUOTED_INCLUDE_IN_FRAMEWORK_HEADER = YES;
				CLANG_WARN_RANGE_LOOP_ANALYSIS = YES;
				CLANG_WARN_STRICT_PROTOTYPES = YES;
				CLANG_WARN_SUSPICIOUS_MOVE = YES;
				CLANG_WARN_UNGUARDED_AVAILABILITY = YES_AGGRESSIVE;
				CLANG_WARN_UNREACHABLE_CODE = YES;
				CLANG_WARN__DUPLICATE_METHOD_MATCH = YES;
				COPY_PHASE_STRIP = NO;
				DEBUG_INFORMATION_FORMAT = dwarf;
				ENABLE_STRICT_OBJC_MSGSEND = YES;
				ENABLE_TESTABILITY = YES;
				GCC_C_LANGUAGE_STANDARD = gnu11;
				GCC_DYNAMIC_NO_PIC = NO;
				GCC_NO_COMMON_BLOCKS = YES;
				GCC_OPTIMIZATION_LEVEL = 0;
				GCC_PREPROCESSOR_DEFINITIONS = (
					"DEBUG=1",
					"$(inherited)",
				);
				GCC_WARN_64_TO_32_BIT_CONVERSION = YES;
				GCC_WARN_ABOUT_RETURN_TYPE = YES_ERROR;
				GCC_WARN_UNDECLARED_SELECTOR = YES;
				GCC_WARN_UNINITIALIZED_AUTOS = YES_AGGRESSIVE;
				GCC_WARN_UNUSED_FUNCTION = YES;
				GCC_WARN_UNUSED_VARIABLE = YES;
				IPHONEOS_DEPLOYMENT_TARGET = 16.4;
				MTL_ENABLE_DEBUG_INFO = INCLUDE_SOURCE;
				MTL_FAST_MATH = YES;
				ONLY_ACTIVE_ARCH = YES;
				SDKROOT = iphoneos;
				SWIFT_ACTIVE_COMPILATION_CONDITIONS = DEBUG;
				SWIFT_OPTIMIZATION_LEVEL = "-Onone";
			};
			name = Debug;
		};
		BE2DC8602A964314001F91AE /* Release */ = {
			isa = XCBuildConfiguration;
			buildSettings = {
				ALWAYS_SEARCH_USER_PATHS = NO;
				CLANG_ANALYZER_NONNULL = YES;
				CLANG_ANALYZER_NUMBER_OBJECT_CONVERSION = YES_AGGRESSIVE;
				CLANG_CXX_LANGUAGE_STANDARD = "gnu++20";
				CLANG_ENABLE_MODULES = YES;
				CLANG_ENABLE_OBJC_ARC = YES;
				CLANG_ENABLE_OBJC_WEAK = YES;
				CLANG_WARN_BLOCK_CAPTURE_AUTORELEASING = YES;
				CLANG_WARN_BOOL_CONVERSION = YES;
				CLANG_WARN_COMMA = YES;
				CLANG_WARN_CONSTANT_CONVERSION = YES;
				CLANG_WARN_DEPRECATED_OBJC_IMPLEMENTATIONS = YES;
				CLANG_WARN_DIRECT_OBJC_ISA_USAGE = YES_ERROR;
				CLANG_WARN_DOCUMENTATION_COMMENTS = YES;
				CLANG_WARN_EMPTY_BODY = YES;
				CLANG_WARN_ENUM_CONVERSION = YES;
				CLANG_WARN_INFINITE_RECURSION = YES;
				CLANG_WARN_INT_CONVERSION = YES;
				CLANG_WARN_NON_LITERAL_NULL_CONVERSION = YES;
				CLANG_WARN_OBJC_IMPLICIT_RETAIN_SELF = YES;
				CLANG_WARN_OBJC_LITERAL_CONVERSION = YES;
				CLANG_WARN_OBJC_ROOT_CLASS = YES_ERROR;
				CLANG_WARN_QUOTED_INCLUDE_IN_FRAMEWORK_HEADER = YES;
				CLANG_WARN_RANGE_LOOP_ANALYSIS = YES;
				CLANG_WARN_STRICT_PROTOTYPES = YES;
				CLANG_WARN_SUSPICIOUS_MOVE = YES;
				CLANG_WARN_UNGUARDED_AVAILABILITY = YES_AGGRESSIVE;
				CLANG_WARN_UNREACHABLE_CODE = YES;
				CLANG_WARN__DUPLICATE_METHOD_MATCH = YES;
				COPY_PHASE_STRIP = NO;
				DEBUG_INFORMATION_FORMAT = "dwarf-with-dsym";
				ENABLE_NS_ASSERTIONS = NO;
				ENABLE_STRICT_OBJC_MSGSEND = YES;
				GCC_C_LANGUAGE_STANDARD = gnu11;
				GCC_NO_COMMON_BLOCKS = YES;
				GCC_WARN_64_TO_32_BIT_CONVERSION = YES;
				GCC_WARN_ABOUT_RETURN_TYPE = YES_ERROR;
				GCC_WARN_UNDECLARED_SELECTOR = YES;
				GCC_WARN_UNINITIALIZED_AUTOS = YES_AGGRESSIVE;
				GCC_WARN_UNUSED_FUNCTION = YES;
				GCC_WARN_UNUSED_VARIABLE = YES;
				IPHONEOS_DEPLOYMENT_TARGET = 16.4;
				MTL_ENABLE_DEBUG_INFO = NO;
				MTL_FAST_MATH = YES;
				SDKROOT = iphoneos;
				SWIFT_COMPILATION_MODE = wholemodule;
				SWIFT_OPTIMIZATION_LEVEL = "-O";
				VALIDATE_PRODUCT = YES;
			};
			name = Release;
		};
		BE2DC8622A964314001F91AE /* Debug */ = {
			isa = XCBuildConfiguration;
			buildSettings = {
				ASSETCATALOG_COMPILER_APPICON_NAME = AppIcon;
				ASSETCATALOG_COMPILER_GLOBAL_ACCENT_COLOR_NAME = AccentColor;
				CODE_SIGN_STYLE = Automatic;
				CURRENT_PROJECT_VERSION = 1;
				DEVELOPMENT_TEAM = N7U85GFNYG;
				GENERATE_INFOPLIST_FILE = YES;
				INFOPLIST_FILE = XsisProject/Info.plist;
				INFOPLIST_KEY_UIApplicationSupportsIndirectInputEvents = YES;
				INFOPLIST_KEY_UILaunchStoryboardName = LaunchScreen;
				INFOPLIST_KEY_UISupportedInterfaceOrientations_iPad = "UIInterfaceOrientationPortrait UIInterfaceOrientationPortraitUpsideDown UIInterfaceOrientationLandscapeLeft UIInterfaceOrientationLandscapeRight";
				INFOPLIST_KEY_UISupportedInterfaceOrientations_iPhone = "UIInterfaceOrientationPortrait UIInterfaceOrientationLandscapeLeft UIInterfaceOrientationLandscapeRight";
				LD_RUNPATH_SEARCH_PATHS = (
					"$(inherited)",
					"@executable_path/Frameworks",
				);
				MARKETING_VERSION = 1.0;
				PRODUCT_BUNDLE_IDENTIFIER = github.com.XsisProject;
				PRODUCT_NAME = "$(TARGET_NAME)";
				SWIFT_EMIT_LOC_STRINGS = YES;
				SWIFT_VERSION = 5.0;
				TARGETED_DEVICE_FAMILY = "1,2";
			};
			name = Debug;
		};
		BE2DC8632A964314001F91AE /* Release */ = {
			isa = XCBuildConfiguration;
			buildSettings = {
				ASSETCATALOG_COMPILER_APPICON_NAME = AppIcon;
				ASSETCATALOG_COMPILER_GLOBAL_ACCENT_COLOR_NAME = AccentColor;
				CODE_SIGN_STYLE = Automatic;
				CURRENT_PROJECT_VERSION = 1;
				DEVELOPMENT_TEAM = N7U85GFNYG;
				GENERATE_INFOPLIST_FILE = YES;
				INFOPLIST_FILE = XsisProject/Info.plist;
				INFOPLIST_KEY_UIApplicationSupportsIndirectInputEvents = YES;
				INFOPLIST_KEY_UILaunchStoryboardName = LaunchScreen;
				INFOPLIST_KEY_UISupportedInterfaceOrientations_iPad = "UIInterfaceOrientationPortrait UIInterfaceOrientationPortraitUpsideDown UIInterfaceOrientationLandscapeLeft UIInterfaceOrientationLandscapeRight";
				INFOPLIST_KEY_UISupportedInterfaceOrientations_iPhone = "UIInterfaceOrientationPortrait UIInterfaceOrientationLandscapeLeft UIInterfaceOrientationLandscapeRight";
				LD_RUNPATH_SEARCH_PATHS = (
					"$(inherited)",
					"@executable_path/Frameworks",
				);
				MARKETING_VERSION = 1.0;
				PRODUCT_BUNDLE_IDENTIFIER = github.com.XsisProject;
				PRODUCT_NAME = "$(TARGET_NAME)";
				SWIFT_EMIT_LOC_STRINGS = YES;
				SWIFT_VERSION = 5.0;
				TARGETED_DEVICE_FAMILY = "1,2";
			};
			name = Release;
		};
/* End XCBuildConfiguration section */

/* Begin XCConfigurationList section */
		BE2DC8482A964313001F91AE /* Build configuration list for PBXProject "XsisProject" */ = {
			isa = XCConfigurationList;
			buildConfigurations = (
				BE2DC85F2A964314001F91AE /* Debug */,
				BE2DC8602A964314001F91AE /* Release */,
			);
			defaultConfigurationIsVisible = 0;
			defaultConfigurationName = Release;
		};
		BE2DC8612A964314001F91AE /* Build configuration list for PBXNativeTarget "XsisProject" */ = {
			isa = XCConfigurationList;
			buildConfigurations = (
				BE2DC8622A964314001F91AE /* Debug */,
				BE2DC8632A964314001F91AE /* Release */,
			);
			defaultConfigurationIsVisible = 0;
			defaultConfigurationName = Release;
		};
/* End XCConfigurationList section */
	};
	rootObject = BE2DC8452A964313001F91AE /* Project object */;
}
